
Microsoft Visual Studio Solution File, Format Version 12.00
# Visual Studio Version 17
VisualStudioVersion = 17.9.34714.143
MinimumVisualStudioVersion = 10.0.40219.1
Project("{2150E333-8FDC-42A3-9474-1A3956D46DE8}") = "Solution Items", "Solution Items", "{C1A809F8-9982-422E-9414-5E6EC563BFAD}"
	ProjectSection(SolutionItems) = preProject
		LICENSE.txt = LICENSE.txt
		README.md = README.md
	EndProjectSection
EndProject
Project("{9A19103F-16F7-4668-BE54-9A1E7A4F7556}") = "portfolio.Models", "portfolio.Models\portfolio.Models.csproj", "{DD2D715D-6D17-4B31-89FE-B7ECF1893652}"
EndProject
Project("{9A19103F-16F7-4668-BE54-9A1E7A4F7556}") = "portfolio.DataAccess", "portfolio.DataAccess\portfolio.DataAccess.csproj", "{769DE562-C744-418A-9150-6C020DD966E6}"
EndProject
Project("{9A19103F-16F7-4668-BE54-9A1E7A4F7556}") = "portfolio.Utility", "portfolio.Utility\portfolio.Utility.csproj", "{692BE910-622C-4F9B-BC71-E4C9FDFD5A71}"
EndProject
Project("{9A19103F-16F7-4668-BE54-9A1E7A4F7556}") = "portfolioASP", "portfolioASP\portfolioASP.csproj", "{552D2A11-328A-46D6-AF4D-41F16B07EBBC}"
EndProject
Global
	GlobalSection(SolutionConfigurationPlatforms) = preSolution
		Debug|Any CPU = Debug|Any CPU
		Release|Any CPU = Release|Any CPU
	EndGlobalSection
	GlobalSection(ProjectConfigurationPlatforms) = postSolution
		{DD2D715D-6D17-4B31-89FE-B7ECF1893652}.Debug|Any CPU.ActiveCfg = Debug|Any CPU
		{DD2D715D-6D17-4B31-89FE-B7ECF1893652}.Debug|Any CPU.Build.0 = Debug|Any CPU
		{DD2D715D-6D17-4B31-89FE-B7ECF1893652}.Release|Any CPU.ActiveCfg = Release|Any CPU
		{DD2D715D-6D17-4B31-89FE-B7ECF1893652}.Release|Any CPU.Build.0 = Release|Any CPU
		{769DE562-C744-418A-9150-6C020DD966E6}.Debug|Any CPU.ActiveCfg = Debug|Any CPU
		{769DE562-C744-418A-9150-6C020DD966E6}.Debug|Any CPU.Build.0 = Debug|Any CPU
		{769DE562-C744-418A-9150-6C020DD966E6}.Release|Any CPU.ActiveCfg = Release|Any CPU
		{769DE562-C744-418A-9150-6C020DD966E6}.Release|Any CPU.Build.0 = Release|Any CPU
		{692BE910-622C-4F9B-BC71-E4C9FDFD5A71}.Debug|Any CPU.ActiveCfg = Debug|Any CPU
		{692BE910-622C-4F9B-BC71-E4C9FDFD5A71}.Debug|Any CPU.Build.0 = Debug|Any CPU
		{692BE910-622C-4F9B-BC71-E4C9FDFD5A71}.Release|Any CPU.ActiveCfg = Release|Any CPU
		{692BE910-622C-4F9B-BC71-E4C9FDFD5A71}.Release|Any CPU.Build.0 = Release|Any CPU
		{552D2A11-328A-46D6-AF4D-41F16B07EBBC}.Debug|Any CPU.ActiveCfg = Debug|Any CPU
		{552D2A11-328A-46D6-AF4D-41F16B07EBBC}.Debug|Any CPU.Build.0 = Debug|Any CPU
		{552D2A11-328A-46D6-AF4D-41F16B07EBBC}.Release|Any CPU.ActiveCfg = Release|Any CPU
		{552D2A11-328A-46D6-AF4D-41F16B07EBBC}.Release|Any CPU.Build.0 = Release|Any CPU
	EndGlobalSection
	GlobalSection(SolutionProperties) = preSolution
		HideSolutionNode = FALSE
	EndGlobalSection
	GlobalSection(ExtensibilityGlobals) = postSolution
		SolutionGuid = {D0EDE5F7-EA74-44F7-B2D5-86AE1A1CCA8D}
	EndGlobalSection
EndGlobal
